[root]
name = "smooth_blue"
version = "0.1.0"
dependencies = [
 "cortex-m 0.1.6 (registry+https://github.com/rust-lang/crates.io-index)",
 "gcc 0.3.49 (registry+https://github.com/rust-lang/crates.io-index)",
 "r0 0.2.0 (registry+https://github.com/rust-lang/crates.io-index)",
]

[[package]]
name = "cortex-m"
version = "0.1.6"
source = "registry+https://github.com/rust-lang/crates.io-index"
dependencies = [
 "volatile-register 0.1.2 (registry+https://github.com/rust-lang/crates.io-index)",
]

[[package]]
name = "gcc"
version = "0.3.49"
source = "registry+https://github.com/rust-lang/crates.io-index"

[[package]]
name = "r0"
version = "0.2.0"
source = "registry+https://github.com/rust-lang/crates.io-index"

[[package]]
name = "volatile-register"
version = "0.1.2"
source = "registry+https://github.com/rust-lang/crates.io-index"

[metadata]
"checksum cortex-m 0.1.6 (registry+https://github.com/rust-lang/crates.io-index)" = "f636846f87391b548e55be42a3f787c76348288f8716486a7e184004b745c62d"
"checksum gcc 0.3.49 (registry+https://github.com/rust-lang/crates.io-index)" = "9be730064c122681712957ba1a9abaf082150be8aaf94526a805d900015b65b9"
"checksum r0 0.2.0 (registry+https://github.com/rust-lang/crates.io-index)" = "62dbff51d8763241abca5bbd183ba31e78c0def1d7e2cbe11d4ac3303ae75628"
"checksum volatile-register 0.1.2 (registry+https://github.com/rust-lang/crates.io-index)" = "a470889aa8f2d3ad893bd43cd90c824e63e8ac0ee5fe64c5d81a932d184fd549"
